
Microsoft Visual Studio Solution File, Format Version 12.00
# Visual Studio Version 17
VisualStudioVersion = 17.14.36511.14
MinimumVisualStudioVersion = 10.0.40219.1
Project("{FAE04EC0-301F-11D3-BF4B-00C04F79EFBC}") = "Массивы", "Массивы\Массивы.csproj", "{77F1CB34-BE1D-4DAF-BC03-13ED115D9562}"
EndProject
Project("{FAE04EC0-301F-11D3-BF4B-00C04F79EFBC}") = "Massiv", "Massiv\Massiv.csproj", "{87D579CA-2052-42BA-A115-58C60E6791CA}"
EndProject
Global
	GlobalSection(SolutionConfigurationPlatforms) = preSolution
		Debug|Any CPU = Debug|Any CPU
		Release|Any CPU = Release|Any CPU
	EndGlobalSection
	GlobalSection(ProjectConfigurationPlatforms) = postSolution
		{77F1CB34-BE1D-4DAF-BC03-13ED115D9562}.Debug|Any CPU.ActiveCfg = Debug|Any CPU
		{77F1CB34-BE1D-4DAF-BC03-13ED115D9562}.Debug|Any CPU.Build.0 = Debug|Any CPU
		{77F1CB34-BE1D-4DAF-BC03-13ED115D9562}.Release|Any CPU.ActiveCfg = Release|Any CPU
		{77F1CB34-BE1D-4DAF-BC03-13ED115D9562}.Release|Any CPU.Build.0 = Release|Any CPU
		{87D579CA-2052-42BA-A115-58C60E6791CA}.Debug|Any CPU.ActiveCfg = Debug|Any CPU
		{87D579CA-2052-42BA-A115-58C60E6791CA}.Debug|Any CPU.Build.0 = Debug|Any CPU
		{87D579CA-2052-42BA-A115-58C60E6791CA}.Release|Any CPU.ActiveCfg = Release|Any CPU
		{87D579CA-2052-42BA-A115-58C60E6791CA}.Release|Any CPU.Build.0 = Release|Any CPU
	EndGlobalSection
	GlobalSection(SolutionProperties) = preSolution
		HideSolutionNode = FALSE
	EndGlobalSection
	GlobalSection(ExtensibilityGlobals) = postSolution
		SolutionGuid = {914AF17A-B485-4F29-A416-95AB62180A3B}
	EndGlobalSection
EndGlobal
